
Microsoft Visual Studio Solution File, Format Version 12.00
# Visual Studio Version 16
VisualStudioVersion = 16.0.31702.278
MinimumVisualStudioVersion = 10.0.40219.1
Project("{9A19103F-16F7-4668-BE54-9A1E7A4F7556}") = "ImagineCupDiscord.Integration", "ImagineCupDiscord.Integration\ImagineCupDiscord.Integration.csproj", "{28D8F53B-79D7-4D44-960E-67ACBE5A0330}"
EndProject
Project("{FAE04EC0-301F-11D3-BF4B-00C04F79EFBC}") = "ImagineCupDiscord.Models", "ImagineCupDiscord.Models\ImagineCupDiscord.Models.csproj", "{5CD38B7E-21D9-4074-98CF-48C07B6EE922}"
EndProject
Project("{9A19103F-16F7-4668-BE54-9A1E7A4F7556}") = "ImagineCupDiscord.Tests", "..\tests\ImagineCupDiscord.Tests\ImagineCupDiscord.Tests.csproj", "{442F2389-512C-4983-BDEC-524393074524}"
EndProject
Global
	GlobalSection(SolutionConfigurationPlatforms) = preSolution
		Debug|Any CPU = Debug|Any CPU
		Release|Any CPU = Release|Any CPU
	EndGlobalSection
	GlobalSection(ProjectConfigurationPlatforms) = postSolution
		{28D8F53B-79D7-4D44-960E-67ACBE5A0330}.Debug|Any CPU.ActiveCfg = Debug|Any CPU
		{28D8F53B-79D7-4D44-960E-67ACBE5A0330}.Debug|Any CPU.Build.0 = Debug|Any CPU
		{28D8F53B-79D7-4D44-960E-67ACBE5A0330}.Release|Any CPU.ActiveCfg = Release|Any CPU
		{28D8F53B-79D7-4D44-960E-67ACBE5A0330}.Release|Any CPU.Build.0 = Release|Any CPU
		{5CD38B7E-21D9-4074-98CF-48C07B6EE922}.Debug|Any CPU.ActiveCfg = Debug|Any CPU
		{5CD38B7E-21D9-4074-98CF-48C07B6EE922}.Debug|Any CPU.Build.0 = Debug|Any CPU
		{5CD38B7E-21D9-4074-98CF-48C07B6EE922}.Release|Any CPU.ActiveCfg = Release|Any CPU
		{5CD38B7E-21D9-4074-98CF-48C07B6EE922}.Release|Any CPU.Build.0 = Release|Any CPU
		{442F2389-512C-4983-BDEC-524393074524}.Debug|Any CPU.ActiveCfg = Debug|Any CPU
		{442F2389-512C-4983-BDEC-524393074524}.Debug|Any CPU.Build.0 = Debug|Any CPU
		{442F2389-512C-4983-BDEC-524393074524}.Release|Any CPU.ActiveCfg = Release|Any CPU
		{442F2389-512C-4983-BDEC-524393074524}.Release|Any CPU.Build.0 = Release|Any CPU
	EndGlobalSection
	GlobalSection(SolutionProperties) = preSolution
		HideSolutionNode = FALSE
	EndGlobalSection
	GlobalSection(ExtensibilityGlobals) = postSolution
		SolutionGuid = {F72E2EAF-DE74-46C0-8B53-F78BE52E25E2}
	EndGlobalSection
EndGlobal
